
Microsoft Visual Studio Solution File, Format Version 12.00
# Visual Studio Version 17
VisualStudioVersion = 17.6.33815.320
MinimumVisualStudioVersion = 10.0.40219.1
Project("{2150E333-8FDC-42A3-9474-1A3956D46DE8}") = "Services", "Services", "{DE1F8221-8EBA-4CFD-ACA8-D12C4FE2F60A}"
EndProject
Project("{2150E333-8FDC-42A3-9474-1A3956D46DE8}") = "Catalog", "Catalog", "{21690329-6DF6-4B30-ADC6-5F8F6041593A}"
EndProject
Project("{9A19103F-16F7-4668-BE54-9A1E7A4F7556}") = "Catalog.Api", "Services\Catalog\Catalog.Api\Catalog.Api.csproj", "{6EE19D99-7AD7-49FB-902E-F7368B23767D}"
EndProject
Project("{E53339B2-1760-4266-BCC7-CA923CBCF16C}") = "docker-compose", "docker-compose.dcproj", "{E1721298-2DF6-4C7E-AC47-51D681375958}"
EndProject
Project("{2150E333-8FDC-42A3-9474-1A3956D46DE8}") = "Basket", "Basket", "{4E22234B-1E24-4C3A-A062-A9C6C5116A75}"
EndProject
Project("{FAE04EC0-301F-11D3-BF4B-00C04F79EFBC}") = "Basket.Api", "Services\Basket\Basket.Api\Basket.Api.csproj", "{F75A7A07-3587-4E53-85C2-8C40FCEEFAF0}"
EndProject
Global
	GlobalSection(SolutionConfigurationPlatforms) = preSolution
		Debug|Any CPU = Debug|Any CPU
		Release|Any CPU = Release|Any CPU
	EndGlobalSection
	GlobalSection(ProjectConfigurationPlatforms) = postSolution
		{6EE19D99-7AD7-49FB-902E-F7368B23767D}.Debug|Any CPU.ActiveCfg = Debug|Any CPU
		{6EE19D99-7AD7-49FB-902E-F7368B23767D}.Debug|Any CPU.Build.0 = Debug|Any CPU
		{6EE19D99-7AD7-49FB-902E-F7368B23767D}.Release|Any CPU.ActiveCfg = Release|Any CPU
		{6EE19D99-7AD7-49FB-902E-F7368B23767D}.Release|Any CPU.Build.0 = Release|Any CPU
		{E1721298-2DF6-4C7E-AC47-51D681375958}.Debug|Any CPU.ActiveCfg = Debug|Any CPU
		{E1721298-2DF6-4C7E-AC47-51D681375958}.Debug|Any CPU.Build.0 = Debug|Any CPU
		{E1721298-2DF6-4C7E-AC47-51D681375958}.Release|Any CPU.ActiveCfg = Release|Any CPU
		{E1721298-2DF6-4C7E-AC47-51D681375958}.Release|Any CPU.Build.0 = Release|Any CPU
		{F75A7A07-3587-4E53-85C2-8C40FCEEFAF0}.Debug|Any CPU.ActiveCfg = Debug|Any CPU
		{F75A7A07-3587-4E53-85C2-8C40FCEEFAF0}.Debug|Any CPU.Build.0 = Debug|Any CPU
		{F75A7A07-3587-4E53-85C2-8C40FCEEFAF0}.Release|Any CPU.ActiveCfg = Release|Any CPU
		{F75A7A07-3587-4E53-85C2-8C40FCEEFAF0}.Release|Any CPU.Build.0 = Release|Any CPU
	EndGlobalSection
	GlobalSection(SolutionProperties) = preSolution
		HideSolutionNode = FALSE
	EndGlobalSection
	GlobalSection(NestedProjects) = preSolution
		{21690329-6DF6-4B30-ADC6-5F8F6041593A} = {DE1F8221-8EBA-4CFD-ACA8-D12C4FE2F60A}
		{6EE19D99-7AD7-49FB-902E-F7368B23767D} = {21690329-6DF6-4B30-ADC6-5F8F6041593A}
		{4E22234B-1E24-4C3A-A062-A9C6C5116A75} = {DE1F8221-8EBA-4CFD-ACA8-D12C4FE2F60A}
		{F75A7A07-3587-4E53-85C2-8C40FCEEFAF0} = {4E22234B-1E24-4C3A-A062-A9C6C5116A75}
	EndGlobalSection
	GlobalSection(ExtensibilityGlobals) = postSolution
		SolutionGuid = {B233630C-D400-4056-91A9-10D4C1BF2D5F}
	EndGlobalSection
EndGlobal
