
Microsoft Visual Studio Solution File, Format Version 12.00
# Visual Studio Version 17
VisualStudioVersion = 17.6.33815.320
MinimumVisualStudioVersion = 10.0.40219.1
Project("{2150E333-8FDC-42A3-9474-1A3956D46DE8}") = "Services", "Services", "{DE1F8221-8EBA-4CFD-ACA8-D12C4FE2F60A}"
EndProject
Project("{2150E333-8FDC-42A3-9474-1A3956D46DE8}") = "Catalog", "Catalog", "{21690329-6DF6-4B30-ADC6-5F8F6041593A}"
EndProject
Project("{9A19103F-16F7-4668-BE54-9A1E7A4F7556}") = "Catalog.Api", "Services\Catalog\Catalog.Api\Catalog.Api.csproj", "{6EE19D99-7AD7-49FB-902E-F7368B23767D}"
EndProject
Project("{E53339B2-1760-4266-BCC7-CA923CBCF16C}") = "docker-compose", "docker-compose.dcproj", "{E1721298-2DF6-4C7E-AC47-51D681375958}"
EndProject
Project("{2150E333-8FDC-42A3-9474-1A3956D46DE8}") = "Basket", "Basket", "{4E22234B-1E24-4C3A-A062-A9C6C5116A75}"
EndProject
Project("{9A19103F-16F7-4668-BE54-9A1E7A4F7556}") = "Basket.Api", "Services\Basket\Basket.Api\Basket.Api.csproj", "{F75A7A07-3587-4E53-85C2-8C40FCEEFAF0}"
EndProject
Project("{2150E333-8FDC-42A3-9474-1A3956D46DE8}") = "Discount", "Discount", "{2E8C8C12-E634-434C-BE25-18E0790892DA}"
EndProject
Project("{9A19103F-16F7-4668-BE54-9A1E7A4F7556}") = "Discount.Api", "Services\Discount\Discount.Api\Discount.Api.csproj", "{CF9C9C93-B8F0-4CD8-88CF-44114DC1EB86}"
EndProject
Project("{9A19103F-16F7-4668-BE54-9A1E7A4F7556}") = "Discount.Grpc", "Services\Discount\Discount.Grpc\Discount.Grpc.csproj", "{17E398D1-8112-433B-B835-21A99FF1CE15}"
EndProject
Project("{2150E333-8FDC-42A3-9474-1A3956D46DE8}") = "Ordering", "Ordering", "{FE8AF66B-EC4A-4C67-8BB5-DF991C28D188}"
EndProject
Project("{9A19103F-16F7-4668-BE54-9A1E7A4F7556}") = "Ordering.Api", "Services\Ordering\Ordering.Api\Ordering.Api.csproj", "{BB2E9DB2-7EE5-4E45-8685-D83FFC2D2F1A}"
EndProject
Project("{9A19103F-16F7-4668-BE54-9A1E7A4F7556}") = "Ordering.Domain", "Services\Ordering\Ordering.Domain\Ordering.Domain.csproj", "{E68A196D-4F4B-4749-8692-6184F7669392}"
EndProject
Project("{9A19103F-16F7-4668-BE54-9A1E7A4F7556}") = "Ordering.Application", "Services\Ordering\Ordering.Application\Ordering.Application.csproj", "{70C29AAC-EA91-4293-9E51-58C967CF4FF9}"
EndProject
Project("{9A19103F-16F7-4668-BE54-9A1E7A4F7556}") = "Ordering.Infrastructure", "Services\Ordering\Ordering.Infrastructure\Ordering.Infrastructure.csproj", "{356F48F8-81D4-4135-B98E-6737E206D6A7}"
EndProject
Project("{2150E333-8FDC-42A3-9474-1A3956D46DE8}") = "BuildingBlocks", "BuildingBlocks", "{52222CE6-3BEA-4039-89F6-A00F7BCE8FAB}"
EndProject
Project("{FAE04EC0-301F-11D3-BF4B-00C04F79EFBC}") = "EventBus.Messages", "BuildingBlocks\EventBus.Messages\EventBus.Messages.csproj", "{79A4BC1D-4852-4230-9DA7-55C5FE0FEAB1}"
EndProject
Global
	GlobalSection(SolutionConfigurationPlatforms) = preSolution
		Debug|Any CPU = Debug|Any CPU
		Release|Any CPU = Release|Any CPU
	EndGlobalSection
	GlobalSection(ProjectConfigurationPlatforms) = postSolution
		{6EE19D99-7AD7-49FB-902E-F7368B23767D}.Debug|Any CPU.ActiveCfg = Debug|Any CPU
		{6EE19D99-7AD7-49FB-902E-F7368B23767D}.Debug|Any CPU.Build.0 = Debug|Any CPU
		{6EE19D99-7AD7-49FB-902E-F7368B23767D}.Release|Any CPU.ActiveCfg = Release|Any CPU
		{6EE19D99-7AD7-49FB-902E-F7368B23767D}.Release|Any CPU.Build.0 = Release|Any CPU
		{E1721298-2DF6-4C7E-AC47-51D681375958}.Debug|Any CPU.ActiveCfg = Debug|Any CPU
		{E1721298-2DF6-4C7E-AC47-51D681375958}.Debug|Any CPU.Build.0 = Debug|Any CPU
		{E1721298-2DF6-4C7E-AC47-51D681375958}.Release|Any CPU.ActiveCfg = Release|Any CPU
		{E1721298-2DF6-4C7E-AC47-51D681375958}.Release|Any CPU.Build.0 = Release|Any CPU
		{F75A7A07-3587-4E53-85C2-8C40FCEEFAF0}.Debug|Any CPU.ActiveCfg = Debug|Any CPU
		{F75A7A07-3587-4E53-85C2-8C40FCEEFAF0}.Debug|Any CPU.Build.0 = Debug|Any CPU
		{F75A7A07-3587-4E53-85C2-8C40FCEEFAF0}.Release|Any CPU.ActiveCfg = Release|Any CPU
		{F75A7A07-3587-4E53-85C2-8C40FCEEFAF0}.Release|Any CPU.Build.0 = Release|Any CPU
		{CF9C9C93-B8F0-4CD8-88CF-44114DC1EB86}.Debug|Any CPU.ActiveCfg = Debug|Any CPU
		{CF9C9C93-B8F0-4CD8-88CF-44114DC1EB86}.Debug|Any CPU.Build.0 = Debug|Any CPU
		{CF9C9C93-B8F0-4CD8-88CF-44114DC1EB86}.Release|Any CPU.ActiveCfg = Release|Any CPU
		{CF9C9C93-B8F0-4CD8-88CF-44114DC1EB86}.Release|Any CPU.Build.0 = Release|Any CPU
		{17E398D1-8112-433B-B835-21A99FF1CE15}.Debug|Any CPU.ActiveCfg = Debug|Any CPU
		{17E398D1-8112-433B-B835-21A99FF1CE15}.Debug|Any CPU.Build.0 = Debug|Any CPU
		{17E398D1-8112-433B-B835-21A99FF1CE15}.Release|Any CPU.ActiveCfg = Release|Any CPU
		{17E398D1-8112-433B-B835-21A99FF1CE15}.Release|Any CPU.Build.0 = Release|Any CPU
		{BB2E9DB2-7EE5-4E45-8685-D83FFC2D2F1A}.Debug|Any CPU.ActiveCfg = Debug|Any CPU
		{BB2E9DB2-7EE5-4E45-8685-D83FFC2D2F1A}.Debug|Any CPU.Build.0 = Debug|Any CPU
		{BB2E9DB2-7EE5-4E45-8685-D83FFC2D2F1A}.Release|Any CPU.ActiveCfg = Release|Any CPU
		{BB2E9DB2-7EE5-4E45-8685-D83FFC2D2F1A}.Release|Any CPU.Build.0 = Release|Any CPU
		{E68A196D-4F4B-4749-8692-6184F7669392}.Debug|Any CPU.ActiveCfg = Debug|Any CPU
		{E68A196D-4F4B-4749-8692-6184F7669392}.Debug|Any CPU.Build.0 = Debug|Any CPU
		{E68A196D-4F4B-4749-8692-6184F7669392}.Release|Any CPU.ActiveCfg = Release|Any CPU
		{E68A196D-4F4B-4749-8692-6184F7669392}.Release|Any CPU.Build.0 = Release|Any CPU
		{70C29AAC-EA91-4293-9E51-58C967CF4FF9}.Debug|Any CPU.ActiveCfg = Debug|Any CPU
		{70C29AAC-EA91-4293-9E51-58C967CF4FF9}.Debug|Any CPU.Build.0 = Debug|Any CPU
		{70C29AAC-EA91-4293-9E51-58C967CF4FF9}.Release|Any CPU.ActiveCfg = Release|Any CPU
		{70C29AAC-EA91-4293-9E51-58C967CF4FF9}.Release|Any CPU.Build.0 = Release|Any CPU
		{356F48F8-81D4-4135-B98E-6737E206D6A7}.Debug|Any CPU.ActiveCfg = Debug|Any CPU
		{356F48F8-81D4-4135-B98E-6737E206D6A7}.Debug|Any CPU.Build.0 = Debug|Any CPU
		{356F48F8-81D4-4135-B98E-6737E206D6A7}.Release|Any CPU.ActiveCfg = Release|Any CPU
		{356F48F8-81D4-4135-B98E-6737E206D6A7}.Release|Any CPU.Build.0 = Release|Any CPU
		{79A4BC1D-4852-4230-9DA7-55C5FE0FEAB1}.Debug|Any CPU.ActiveCfg = Debug|Any CPU
		{79A4BC1D-4852-4230-9DA7-55C5FE0FEAB1}.Debug|Any CPU.Build.0 = Debug|Any CPU
		{79A4BC1D-4852-4230-9DA7-55C5FE0FEAB1}.Release|Any CPU.ActiveCfg = Release|Any CPU
		{79A4BC1D-4852-4230-9DA7-55C5FE0FEAB1}.Release|Any CPU.Build.0 = Release|Any CPU
	EndGlobalSection
	GlobalSection(SolutionProperties) = preSolution
		HideSolutionNode = FALSE
	EndGlobalSection
	GlobalSection(NestedProjects) = preSolution
		{21690329-6DF6-4B30-ADC6-5F8F6041593A} = {DE1F8221-8EBA-4CFD-ACA8-D12C4FE2F60A}
		{6EE19D99-7AD7-49FB-902E-F7368B23767D} = {21690329-6DF6-4B30-ADC6-5F8F6041593A}
		{4E22234B-1E24-4C3A-A062-A9C6C5116A75} = {DE1F8221-8EBA-4CFD-ACA8-D12C4FE2F60A}
		{F75A7A07-3587-4E53-85C2-8C40FCEEFAF0} = {4E22234B-1E24-4C3A-A062-A9C6C5116A75}
		{2E8C8C12-E634-434C-BE25-18E0790892DA} = {DE1F8221-8EBA-4CFD-ACA8-D12C4FE2F60A}
		{CF9C9C93-B8F0-4CD8-88CF-44114DC1EB86} = {2E8C8C12-E634-434C-BE25-18E0790892DA}
		{17E398D1-8112-433B-B835-21A99FF1CE15} = {2E8C8C12-E634-434C-BE25-18E0790892DA}
		{FE8AF66B-EC4A-4C67-8BB5-DF991C28D188} = {DE1F8221-8EBA-4CFD-ACA8-D12C4FE2F60A}
		{BB2E9DB2-7EE5-4E45-8685-D83FFC2D2F1A} = {FE8AF66B-EC4A-4C67-8BB5-DF991C28D188}
		{E68A196D-4F4B-4749-8692-6184F7669392} = {FE8AF66B-EC4A-4C67-8BB5-DF991C28D188}
		{70C29AAC-EA91-4293-9E51-58C967CF4FF9} = {FE8AF66B-EC4A-4C67-8BB5-DF991C28D188}
		{356F48F8-81D4-4135-B98E-6737E206D6A7} = {FE8AF66B-EC4A-4C67-8BB5-DF991C28D188}
		{79A4BC1D-4852-4230-9DA7-55C5FE0FEAB1} = {52222CE6-3BEA-4039-89F6-A00F7BCE8FAB}
	EndGlobalSection
	GlobalSection(ExtensibilityGlobals) = postSolution
		SolutionGuid = {B233630C-D400-4056-91A9-10D4C1BF2D5F}
	EndGlobalSection
EndGlobal
